# Generated by buf. DO NOT EDIT.
version: v1
deps:
  - remote: buf.build
    owner: googleapis
    repository: googleapis
    commit: 751cbe31638d43a9bfb6162cd2352e67
    digest: shake256:87f55470d9d124e2d1dedfe0231221f4ed7efbc55bc5268917c678e2d9b9c41573a7f9a557f6d8539044524d9fc5ca8fbb7db05eb81379d168285d76b57eb8a4
